// !$*UTF8*$!
{
	archiveVersion = 1;
	classes = {
	};
	objectVersion = 77;
	objects = {

/* Begin PBXBuildFile section */
		677FE1AE2CB43BD5006643FD /* SnapKit in Frameworks */ = {isa = PBXBuildFile; productRef = 677FE1AD2CB43BD5006643FD /* SnapKit */; };
		677FE1B12CB43D9F006643FD /* Alamofire in Frameworks */ = {isa = PBXBuildFile; productRef = 677FE1B02CB43D9F006643FD /* Alamofire */; };
		67BB0C4C2CB7D72600556F04 /* YouTubeiOSPlayerHelper in Frameworks */ = {isa = PBXBuildFile; productRef = 67BB0C4B2CB7D72600556F04 /* YouTubeiOSPlayerHelper */; };
/* End PBXBuildFile section */

/* Begin PBXContainerItemProxy section */
		677FE0D42CB4385C006643FD /* PBXContainerItemProxy */ = {
			isa = PBXContainerItemProxy;
			containerPortal = 677FE0B52CB4385B006643FD /* Project object */;
			proxyType = 1;
			remoteGlobalIDString = 677FE0BC2CB4385B006643FD;
			remoteInfo = MovieDB1;
		};
		677FE0DE2CB4385C006643FD /* PBXContainerItemProxy */ = {
			isa = PBXContainerItemProxy;
			containerPortal = 677FE0B52CB4385B006643FD /* Project object */;
			proxyType = 1;
			remoteGlobalIDString = 677FE0BC2CB4385B006643FD;
			remoteInfo = MovieDB1;
		};
/* End PBXContainerItemProxy section */

/* Begin PBXFileReference section */
		677FE0BD2CB4385B006643FD /* MovieDB1.app */ = {isa = PBXFileReference; explicitFileType = wrapper.application; includeInIndex = 0; path = MovieDB1.app; sourceTree = BUILT_PRODUCTS_DIR; };
		677FE0D32CB4385C006643FD /* MovieDB1Tests.xctest */ = {isa = PBXFileReference; explicitFileType = wrapper.cfbundle; includeInIndex = 0; path = MovieDB1Tests.xctest; sourceTree = BUILT_PRODUCTS_DIR; };
		677FE0DD2CB4385C006643FD /* MovieDB1UITests.xctest */ = {isa = PBXFileReference; explicitFileType = wrapper.cfbundle; includeInIndex = 0; path = MovieDB1UITests.xctest; sourceTree = BUILT_PRODUCTS_DIR; };
/* End PBXFileReference section */

/* Begin PBXFileSystemSynchronizedBuildFileExceptionSet section */
		677FE0E52CB4385C006643FD /* Exceptions for "MovieDB1" folder in "MovieDB1" target */ = {
			isa = PBXFileSystemSynchronizedBuildFileExceptionSet;
			membershipExceptions = (
				Info.plist,
			);
			target = 677FE0BC2CB4385B006643FD /* MovieDB1 */;
		};
/* End PBXFileSystemSynchronizedBuildFileExceptionSet section */

/* Begin PBXFileSystemSynchronizedRootGroup section */
		677FE0BF2CB4385B006643FD /* MovieDB1 */ = {
			isa = PBXFileSystemSynchronizedRootGroup;
			exceptions = (
				677FE0E52CB4385C006643FD /* Exceptions for "MovieDB1" folder in "MovieDB1" target */,
			);
			path = MovieDB1;
			sourceTree = "<group>";
		};
		677FE0D62CB4385C006643FD /* MovieDB1Tests */ = {
			isa = PBXFileSystemSynchronizedRootGroup;
			path = MovieDB1Tests;
			sourceTree = "<group>";
		};
		677FE0E02CB4385C006643FD /* MovieDB1UITests */ = {
			isa = PBXFileSystemSynchronizedRootGroup;
			path = MovieDB1UITests;
			sourceTree = "<group>";
		};
/* End PBXFileSystemSynchronizedRootGroup section */

/* Begin PBXFrameworksBuildPhase section */
		677FE0BA2CB4385B006643FD /* Frameworks */ = {
			isa = PBXFrameworksBuildPhase;
			buildActionMask = 2147483647;
			files = (
				677FE1AE2CB43BD5006643FD /* SnapKit in Frameworks */,
				677FE1B12CB43D9F006643FD /* Alamofire in Frameworks */,
				67BB0C4C2CB7D72600556F04 /* YouTubeiOSPlayerHelper in Frameworks */,
			);
			runOnlyForDeploymentPostprocessing = 0;
		};
		677FE0D02CB4385C006643FD /* Frameworks */ = {
			isa = PBXFrameworksBuildPhase;
			buildActionMask = 2147483647;
			files = (
			);
			runOnlyForDeploymentPostprocessing = 0;
		};
		677FE0DA2CB4385C006643FD /* Frameworks */ = {
			isa = PBXFrameworksBuildPhase;
			buildActionMask = 2147483647;
			files = (
			);
			runOnlyForDeploymentPostprocessing = 0;
		};
/* End PBXFrameworksBuildPhase section */

/* Begin PBXGroup section */
		677FE0B42CB4385B006643FD = {
			isa = PBXGroup;
			children = (
				677FE0BF2CB4385B006643FD /* MovieDB1 */,
				677FE0D62CB4385C006643FD /* MovieDB1Tests */,
				677FE0E02CB4385C006643FD /* MovieDB1UITests */,
				677FE0BE2CB4385B006643FD /* Products */,
			);
			sourceTree = "<group>";
		};
		677FE0BE2CB4385B006643FD /* Products */ = {
			isa = PBXGroup;
			children = (
				677FE0BD2CB4385B006643FD /* MovieDB1.app */,
				677FE0D32CB4385C006643FD /* MovieDB1Tests.xctest */,
				677FE0DD2CB4385C006643FD /* MovieDB1UITests.xctest */,
			);
			name = Products;
			sourceTree = "<group>";
		};
/* End PBXGroup section */

/* Begin PBXNativeTarget section */
		677FE0BC2CB4385B006643FD /* MovieDB1 */ = {
			isa = PBXNativeTarget;
			buildConfigurationList = 677FE0E62CB4385C006643FD /* Build configuration list for PBXNativeTarget "MovieDB1" */;
			buildPhases = (
				677FE0B92CB4385B006643FD /* Sources */,
				677FE0BA2CB4385B006643FD /* Frameworks */,
				677FE0BB2CB4385B006643FD /* Resources */,
			);
			buildRules = (
			);
			dependencies = (
			);
			fileSystemSynchronizedGroups = (
				677FE0BF2CB4385B006643FD /* MovieDB1 */,
			);
			name = MovieDB1;
			packageProductDependencies = (
				677FE1AD2CB43BD5006643FD /* SnapKit */,
				677FE1B02CB43D9F006643FD /* Alamofire */,
				67BB0C4B2CB7D72600556F04 /* YouTubeiOSPlayerHelper */,
			);
			productName = MovieDB1;
			productReference = 677FE0BD2CB4385B006643FD /* MovieDB1.app */;
			productType = "com.apple.product-type.application";
		};
		677FE0D22CB4385C006643FD /* MovieDB1Tests */ = {
			isa = PBXNativeTarget;
			buildConfigurationList = 677FE0EB2CB4385C006643FD /* Build configuration list for PBXNativeTarget "MovieDB1Tests" */;
			buildPhases = (
				677FE0CF2CB4385C006643FD /* Sources */,
				677FE0D02CB4385C006643FD /* Frameworks */,
				677FE0D12CB4385C006643FD /* Resources */,
			);
			buildRules = (
			);
			dependencies = (
				677FE0D52CB4385C006643FD /* PBXTargetDependency */,
			);
			fileSystemSynchronizedGroups = (
				677FE0D62CB4385C006643FD /* MovieDB1Tests */,
			);
			name = MovieDB1Tests;
			packageProductDependencies = (
			);
			productName = MovieDB1Tests;
			productReference = 677FE0D32CB4385C006643FD /* MovieDB1Tests.xctest */;
			productType = "com.apple.product-type.bundle.unit-test";
		};
		677FE0DC2CB4385C006643FD /* MovieDB1UITests */ = {
			isa = PBXNativeTarget;
			buildConfigurationList = 677FE0EE2CB4385C006643FD /* Build configuration list for PBXNativeTarget "MovieDB1UITests" */;
			buildPhases = (
				677FE0D92CB4385C006643FD /* Sources */,
				677FE0DA2CB4385C006643FD /* Frameworks */,
				677FE0DB2CB4385C006643FD /* Resources */,
			);
			buildRules = (
			);
			dependencies = (
				677FE0DF2CB4385C006643FD /* PBXTargetDependency */,
			);
			fileSystemSynchronizedGroups = (
				677FE0E02CB4385C006643FD /* MovieDB1UITests */,
			);
			name = MovieDB1UITests;
			packageProductDependencies = (
			);
			productName = MovieDB1UITests;
			productReference = 677FE0DD2CB4385C006643FD /* MovieDB1UITests.xctest */;
			productType = "com.apple.product-type.bundle.ui-testing";
		};
/* End PBXNativeTarget section */

/* Begin PBXProject section */
		677FE0B52CB4385B006643FD /* Project object */ = {
			isa = PBXProject;
			attributes = {
				BuildIndependentTargetsInParallel = 1;
				LastSwiftUpdateCheck = 1600;
				LastUpgradeCheck = 1600;
				TargetAttributes = {
					677FE0BC2CB4385B006643FD = {
						CreatedOnToolsVersion = 16.0;
					};
					677FE0D22CB4385C006643FD = {
						CreatedOnToolsVersion = 16.0;
						TestTargetID = 677FE0BC2CB4385B006643FD;
					};
					677FE0DC2CB4385C006643FD = {
						CreatedOnToolsVersion = 16.0;
						TestTargetID = 677FE0BC2CB4385B006643FD;
					};
				};
			};
			buildConfigurationList = 677FE0B82CB4385B006643FD /* Build configuration list for PBXProject "MovieDB1" */;
			developmentRegion = en;
			hasScannedForEncodings = 0;
			knownRegions = (
				en,
				Base,
			);
			mainGroup = 677FE0B42CB4385B006643FD;
			minimizedProjectReferenceProxies = 1;
			packageReferences = (
				677FE1AC2CB43BD5006643FD /* XCRemoteSwiftPackageReference "SnapKit" */,
				677FE1AF2CB43D9F006643FD /* XCRemoteSwiftPackageReference "Alamofire" */,
				67BB0C4A2CB7D72600556F04 /* XCRemoteSwiftPackageReference "youtube-ios-player-helper" */,
			);
			preferredProjectObjectVersion = 77;
			productRefGroup = 677FE0BE2CB4385B006643FD /* Products */;
			projectDirPath = "";
			projectRoot = "";
			targets = (
				677FE0BC2CB4385B006643FD /* MovieDB1 */,
				677FE0D22CB4385C006643FD /* MovieDB1Tests */,
				677FE0DC2CB4385C006643FD /* MovieDB1UITests */,
			);
		};
/* End PBXProject section */

/* Begin PBXResourcesBuildPhase section */
		677FE0BB2CB4385B006643FD /* Resources */ = {
			isa = PBXResourcesBuildPhase;
			buildActionMask = 2147483647;
			files = (
			);
			runOnlyForDeploymentPostprocessing = 0;
		};
		677FE0D12CB4385C006643FD /* Resources */ = {
			isa = PBXResourcesBuildPhase;
			buildActionMask = 2147483647;
			files = (
			);
			runOnlyForDeploymentPostprocessing = 0;
		};
		677FE0DB2CB4385C006643FD /* Resources */ = {
			isa = PBXResourcesBuildPhase;
			buildActionMask = 2147483647;
			files = (
			);
			runOnlyForDeploymentPostprocessing = 0;
		};
/* End PBXResourcesBuildPhase section */

/* Begin PBXSourcesBuildPhase section */
		677FE0B92CB4385B006643FD /* Sources */ = {
			isa = PBXSourcesBuildPhase;
			buildActionMask = 2147483647;
			files = (
			);
			runOnlyForDeploymentPostprocessing = 0;
		};
		677FE0CF2CB4385C006643FD /* Sources */ = {
			isa = PBXSourcesBuildPhase;
			buildActionMask = 2147483647;
			files = (
			);
			runOnlyForDeploymentPostprocessing = 0;
		};
		677FE0D92CB4385C006643FD /* Sources */ = {
			isa = PBXSourcesBuildPhase;
			buildActionMask = 2147483647;
			files = (
			);
			runOnlyForDeploymentPostprocessing = 0;
		};
/* End PBXSourcesBuildPhase section */

/* Begin PBXTargetDependency section */
		677FE0D52CB4385C006643FD /* PBXTargetDependency */ = {
			isa = PBXTargetDependency;
			target = 677FE0BC2CB4385B006643FD /* MovieDB1 */;
			targetProxy = 677FE0D42CB4385C006643FD /* PBXContainerItemProxy */;
		};
		677FE0DF2CB4385C006643FD /* PBXTargetDependency */ = {
			isa = PBXTargetDependency;
			target = 677FE0BC2CB4385B006643FD /* MovieDB1 */;
			targetProxy = 677FE0DE2CB4385C006643FD /* PBXContainerItemProxy */;
		};
/* End PBXTargetDependency section */

/* Begin XCBuildConfiguration section */
		677FE0E72CB4385C006643FD /* Debug */ = {
			isa = XCBuildConfiguration;
			buildSettings = {
				ASSETCATALOG_COMPILER_APPICON_NAME = AppIcon;
				ASSETCATALOG_COMPILER_GLOBAL_ACCENT_COLOR_NAME = AccentColor;
				CODE_SIGN_STYLE = Automatic;
				CURRENT_PROJECT_VERSION = 1;
				DEVELOPMENT_TEAM = HZT4WS52WF;
				GENERATE_INFOPLIST_FILE = YES;
				INFOPLIST_FILE = MovieDB1/Info.plist;
				INFOPLIST_KEY_UIApplicationSupportsIndirectInputEvents = YES;
				INFOPLIST_KEY_UILaunchStoryboardName = LaunchScreen;
				INFOPLIST_KEY_UISupportedInterfaceOrientations_iPad = "UIInterfaceOrientationPortrait UIInterfaceOrientationPortraitUpsideDown UIInterfaceOrientationLandscapeLeft UIInterfaceOrientationLandscapeRight";
				INFOPLIST_KEY_UISupportedInterfaceOrientations_iPhone = "UIInterfaceOrientationPortrait UIInterfaceOrientationLandscapeLeft UIInterfaceOrientationLandscapeRight";
				IPHONEOS_DEPLOYMENT_TARGET = 17.0;
				LD_RUNPATH_SEARCH_PATHS = (
					"$(inherited)",
					"@executable_path/Frameworks",
				);
				MARKETING_VERSION = 1.0;
				PRODUCT_BUNDLE_IDENTIFIER = "king-erosh.MovieDB1";
				PRODUCT_NAME = "$(TARGET_NAME)";
				SWIFT_EMIT_LOC_STRINGS = YES;
				SWIFT_VERSION = 5.0;
				TARGETED_DEVICE_FAMILY = "1,2";
			};
			name = Debug;
		};
		677FE0E82CB4385C006643FD /* Release */ = {
			isa = XCBuildConfiguration;
			buildSettings = {
				ASSETCATALOG_COMPILER_APPICON_NAME = AppIcon;
				ASSETCATALOG_COMPILER_GLOBAL_ACCENT_COLOR_NAME = AccentColor;
				CODE_SIGN_STYLE = Automatic;
				CURRENT_PROJECT_VERSION = 1;
				DEVELOPMENT_TEAM = HZT4WS52WF;
				GENERATE_INFOPLIST_FILE = YES;
				INFOPLIST_FILE = MovieDB1/Info.plist;
				INFOPLIST_KEY_UIApplicationSupportsIndirectInputEvents = YES;
				INFOPLIST_KEY_UILaunchStoryboardName = LaunchScreen;
				INFOPLIST_KEY_UISupportedInterfaceOrientations_iPad = "UIInterfaceOrientationPortrait UIInterfaceOrientationPortraitUpsideDown UIInterfaceOrientationLandscapeLeft UIInterfaceOrientationLandscapeRight";
				INFOPLIST_KEY_UISupportedInterfaceOrientations_iPhone = "UIInterfaceOrientationPortrait UIInterfaceOrientationLandscapeLeft UIInterfaceOrientationLandscapeRight";
				IPHONEOS_DEPLOYMENT_TARGET = 17.0;
				LD_RUNPATH_SEARCH_PATHS = (
					"$(inherited)",
					"@executable_path/Frameworks",
				);
				MARKETING_VERSION = 1.0;
				PRODUCT_BUNDLE_IDENTIFIER = "king-erosh.MovieDB1";
				PRODUCT_NAME = "$(TARGET_NAME)";
				SWIFT_EMIT_LOC_STRINGS = YES;
				SWIFT_VERSION = 5.0;
				TARGETED_DEVICE_FAMILY = "1,2";
			};
			name = Release;
		};
		677FE0E92CB4385C006643FD /* Debug */ = {
			isa = XCBuildConfiguration;
			buildSettings = {
				ALWAYS_SEARCH_USER_PATHS = NO;
				ASSETCATALOG_COMPILER_GENERATE_SWIFT_ASSET_SYMBOL_EXTENSIONS = YES;
				CLANG_ANALYZER_NONNULL = YES;
				CLANG_ANALYZER_NUMBER_OBJECT_CONVERSION = YES_AGGRESSIVE;
				CLANG_CXX_LANGUAGE_STANDARD = "gnu++20";
				CLANG_ENABLE_MODULES = YES;
				CLANG_ENABLE_OBJC_ARC = YES;
				CLANG_ENABLE_OBJC_WEAK = YES;
				CLANG_WARN_BLOCK_CAPTURE_AUTORELEASING = YES;
				CLANG_WARN_BOOL_CONVERSION = YES;
				CLANG_WARN_COMMA = YES;
				CLANG_WARN_CONSTANT_CONVERSION = YES;
				CLANG_WARN_DEPRECATED_OBJC_IMPLEMENTATIONS = YES;
				CLANG_WARN_DIRECT_OBJC_ISA_USAGE = YES_ERROR;
				CLANG_WARN_DOCUMENTATION_COMMENTS = YES;
				CLANG_WARN_EMPTY_BODY = YES;
				CLANG_WARN_ENUM_CONVERSION = YES;
				CLANG_WARN_INFINITE_RECURSION = YES;
				CLANG_WARN_INT_CONVERSION = YES;
				CLANG_WARN_NON_LITERAL_NULL_CONVERSION = YES;
				CLANG_WARN_OBJC_IMPLICIT_RETAIN_SELF = YES;
				CLANG_WARN_OBJC_LITERAL_CONVERSION = YES;
				CLANG_WARN_OBJC_ROOT_CLASS = YES_ERROR;
				CLANG_WARN_QUOTED_INCLUDE_IN_FRAMEWORK_HEADER = YES;
				CLANG_WARN_RANGE_LOOP_ANALYSIS = YES;
				CLANG_WARN_STRICT_PROTOTYPES = YES;
				CLANG_WARN_SUSPICIOUS_MOVE = YES;
				CLANG_WARN_UNGUARDED_AVAILABILITY = YES_AGGRESSIVE;
				CLANG_WARN_UNREACHABLE_CODE = YES;
				CLANG_WARN__DUPLICATE_METHOD_MATCH = YES;
				COPY_PHASE_STRIP = NO;
				DEBUG_INFORMATION_FORMAT = dwarf;
				ENABLE_STRICT_OBJC_MSGSEND = YES;
				ENABLE_TESTABILITY = YES;
				ENABLE_USER_SCRIPT_SANDBOXING = YES;
				GCC_C_LANGUAGE_STANDARD = gnu17;
				GCC_DYNAMIC_NO_PIC = NO;
				GCC_NO_COMMON_BLOCKS = YES;
				GCC_OPTIMIZATION_LEVEL = 0;
				GCC_PREPROCESSOR_DEFINITIONS = (
					"DEBUG=1",
					"$(inherited)",
				);
				GCC_WARN_64_TO_32_BIT_CONVERSION = YES;
				GCC_WARN_ABOUT_RETURN_TYPE = YES_ERROR;
				GCC_WARN_UNDECLARED_SELECTOR = YES;
				GCC_WARN_UNINITIALIZED_AUTOS = YES_AGGRESSIVE;
				GCC_WARN_UNUSED_FUNCTION = YES;
				GCC_WARN_UNUSED_VARIABLE = YES;
				IPHONEOS_DEPLOYMENT_TARGET = 18.0;
				LOCALIZATION_PREFERS_STRING_CATALOGS = YES;
				MTL_ENABLE_DEBUG_INFO = INCLUDE_SOURCE;
				MTL_FAST_MATH = YES;
				ONLY_ACTIVE_ARCH = YES;
				SDKROOT = iphoneos;
				SWIFT_ACTIVE_COMPILATION_CONDITIONS = "DEBUG $(inherited)";
				SWIFT_OPTIMIZATION_LEVEL = "-Onone";
			};
			name = Debug;
		};
		677FE0EA2CB4385C006643FD /* Release */ = {
			isa = XCBuildConfiguration;
			buildSettings = {
				ALWAYS_SEARCH_USER_PATHS = NO;
				ASSETCATALOG_COMPILER_GENERATE_SWIFT_ASSET_SYMBOL_EXTENSIONS = YES;
				CLANG_ANALYZER_NONNULL = YES;
				CLANG_ANALYZER_NUMBER_OBJECT_CONVERSION = YES_AGGRESSIVE;
				CLANG_CXX_LANGUAGE_STANDARD = "gnu++20";
				CLANG_ENABLE_MODULES = YES;
				CLANG_ENABLE_OBJC_ARC = YES;
				CLANG_ENABLE_OBJC_WEAK = YES;
				CLANG_WARN_BLOCK_CAPTURE_AUTORELEASING = YES;
				CLANG_WARN_BOOL_CONVERSION = YES;
				CLANG_WARN_COMMA = YES;
				CLANG_WARN_CONSTANT_CONVERSION = YES;
				CLANG_WARN_DEPRECATED_OBJC_IMPLEMENTATIONS = YES;
				CLANG_WARN_DIRECT_OBJC_ISA_USAGE = YES_ERROR;
				CLANG_WARN_DOCUMENTATION_COMMENTS = YES;
				CLANG_WARN_EMPTY_BODY = YES;
				CLANG_WARN_ENUM_CONVERSION = YES;
				CLANG_WARN_INFINITE_RECURSION = YES;
				CLANG_WARN_INT_CONVERSION = YES;
				CLANG_WARN_NON_LITERAL_NULL_CONVERSION = YES;
				CLANG_WARN_OBJC_IMPLICIT_RETAIN_SELF = YES;
				CLANG_WARN_OBJC_LITERAL_CONVERSION = YES;
				CLANG_WARN_OBJC_ROOT_CLASS = YES_ERROR;
				CLANG_WARN_QUOTED_INCLUDE_IN_FRAMEWORK_HEADER = YES;
				CLANG_WARN_RANGE_LOOP_ANALYSIS = YES;
				CLANG_WARN_STRICT_PROTOTYPES = YES;
				CLANG_WARN_SUSPICIOUS_MOVE = YES;
				CLANG_WARN_UNGUARDED_AVAILABILITY = YES_AGGRESSIVE;
				CLANG_WARN_UNREACHABLE_CODE = YES;
				CLANG_WARN__DUPLICATE_METHOD_MATCH = YES;
				COPY_PHASE_STRIP = NO;
				DEBUG_INFORMATION_FORMAT = "dwarf-with-dsym";
				ENABLE_NS_ASSERTIONS = NO;
				ENABLE_STRICT_OBJC_MSGSEND = YES;
				ENABLE_USER_SCRIPT_SANDBOXING = YES;
				GCC_C_LANGUAGE_STANDARD = gnu17;
				GCC_NO_COMMON_BLOCKS = YES;
				GCC_WARN_64_TO_32_BIT_CONVERSION = YES;
				GCC_WARN_ABOUT_RETURN_TYPE = YES_ERROR;
				GCC_WARN_UNDECLARED_SELECTOR = YES;
				GCC_WARN_UNINITIALIZED_AUTOS = YES_AGGRESSIVE;
				GCC_WARN_UNUSED_FUNCTION = YES;
				GCC_WARN_UNUSED_VARIABLE = YES;
				IPHONEOS_DEPLOYMENT_TARGET = 18.0;
				LOCALIZATION_PREFERS_STRING_CATALOGS = YES;
				MTL_ENABLE_DEBUG_INFO = NO;
				MTL_FAST_MATH = YES;
				SDKROOT = iphoneos;
				SWIFT_COMPILATION_MODE = wholemodule;
				VALIDATE_PRODUCT = YES;
			};
			name = Release;
		};
		677FE0EC2CB4385C006643FD /* Debug */ = {
			isa = XCBuildConfiguration;
			buildSettings = {
				BUNDLE_LOADER = "$(TEST_HOST)";
				CODE_SIGN_STYLE = Automatic;
				CURRENT_PROJECT_VERSION = 1;
				DEVELOPMENT_TEAM = HZT4WS52WF;
				GENERATE_INFOPLIST_FILE = YES;
				IPHONEOS_DEPLOYMENT_TARGET = 18.0;
				MARKETING_VERSION = 1.0;
				PRODUCT_BUNDLE_IDENTIFIER = "king-erosh.MovieDB1Tests";
				PRODUCT_NAME = "$(TARGET_NAME)";
				SWIFT_EMIT_LOC_STRINGS = NO;
				SWIFT_VERSION = 5.0;
				TARGETED_DEVICE_FAMILY = "1,2";
				TEST_HOST = "$(BUILT_PRODUCTS_DIR)/MovieDB1.app/$(BUNDLE_EXECUTABLE_FOLDER_PATH)/MovieDB1";
			};
			name = Debug;
		};
		677FE0ED2CB4385C006643FD /* Release */ = {
			isa = XCBuildConfiguration;
			buildSettings = {
				BUNDLE_LOADER = "$(TEST_HOST)";
				CODE_SIGN_STYLE = Automatic;
				CURRENT_PROJECT_VERSION = 1;
				DEVELOPMENT_TEAM = HZT4WS52WF;
				GENERATE_INFOPLIST_FILE = YES;
				IPHONEOS_DEPLOYMENT_TARGET = 18.0;
				MARKETING_VERSION = 1.0;
				PRODUCT_BUNDLE_IDENTIFIER = "king-erosh.MovieDB1Tests";
				PRODUCT_NAME = "$(TARGET_NAME)";
				SWIFT_EMIT_LOC_STRINGS = NO;
				SWIFT_VERSION = 5.0;
				TARGETED_DEVICE_FAMILY = "1,2";
				TEST_HOST = "$(BUILT_PRODUCTS_DIR)/MovieDB1.app/$(BUNDLE_EXECUTABLE_FOLDER_PATH)/MovieDB1";
			};
			name = Release;
		};
		677FE0EF2CB4385C006643FD /* Debug */ = {
			isa = XCBuildConfiguration;
			buildSettings = {
				CODE_SIGN_STYLE = Automatic;
				CURRENT_PROJECT_VERSION = 1;
				DEVELOPMENT_TEAM = HZT4WS52WF;
				GENERATE_INFOPLIST_FILE = YES;
				MARKETING_VERSION = 1.0;
				PRODUCT_BUNDLE_IDENTIFIER = "king-erosh.MovieDB1UITests";
				PRODUCT_NAME = "$(TARGET_NAME)";
				SWIFT_EMIT_LOC_STRINGS = NO;
				SWIFT_VERSION = 5.0;
				TARGETED_DEVICE_FAMILY = "1,2";
				TEST_TARGET_NAME = MovieDB1;
			};
			name = Debug;
		};
		677FE0F02CB4385C006643FD /* Release */ = {
			isa = XCBuildConfiguration;
			buildSettings = {
				CODE_SIGN_STYLE = Automatic;
				CURRENT_PROJECT_VERSION = 1;
				DEVELOPMENT_TEAM = HZT4WS52WF;
				GENERATE_INFOPLIST_FILE = YES;
				MARKETING_VERSION = 1.0;
				PRODUCT_BUNDLE_IDENTIFIER = "king-erosh.MovieDB1UITests";
				PRODUCT_NAME = "$(TARGET_NAME)";
				SWIFT_EMIT_LOC_STRINGS = NO;
				SWIFT_VERSION = 5.0;
				TARGETED_DEVICE_FAMILY = "1,2";
				TEST_TARGET_NAME = MovieDB1;
			};
			name = Release;
		};
/* End XCBuildConfiguration section */

/* Begin XCConfigurationList section */
		677FE0B82CB4385B006643FD /* Build configuration list for PBXProject "MovieDB1" */ = {
			isa = XCConfigurationList;
			buildConfigurations = (
				677FE0E92CB4385C006643FD /* Debug */,
				677FE0EA2CB4385C006643FD /* Release */,
			);
			defaultConfigurationIsVisible = 0;
			defaultConfigurationName = Release;
		};
		677FE0E62CB4385C006643FD /* Build configuration list for PBXNativeTarget "MovieDB1" */ = {
			isa = XCConfigurationList;
			buildConfigurations = (
				677FE0E72CB4385C006643FD /* Debug */,
				677FE0E82CB4385C006643FD /* Release */,
			);
			defaultConfigurationIsVisible = 0;
			defaultConfigurationName = Release;
		};
		677FE0EB2CB4385C006643FD /* Build configuration list for PBXNativeTarget "MovieDB1Tests" */ = {
			isa = XCConfigurationList;
			buildConfigurations = (
				677FE0EC2CB4385C006643FD /* Debug */,
				677FE0ED2CB4385C006643FD /* Release */,
			);
			defaultConfigurationIsVisible = 0;
			defaultConfigurationName = Release;
		};
		677FE0EE2CB4385C006643FD /* Build configuration list for PBXNativeTarget "MovieDB1UITests" */ = {
			isa = XCConfigurationList;
			buildConfigurations = (
				677FE0EF2CB4385C006643FD /* Debug */,
				677FE0F02CB4385C006643FD /* Release */,
			);
			defaultConfigurationIsVisible = 0;
			defaultConfigurationName = Release;
		};
/* End XCConfigurationList section */

/* Begin XCRemoteSwiftPackageReference section */
		677FE1AC2CB43BD5006643FD /* XCRemoteSwiftPackageReference "SnapKit" */ = {
			isa = XCRemoteSwiftPackageReference;
			repositoryURL = "https://github.com/SnapKit/SnapKit";
			requirement = {
				kind = upToNextMajorVersion;
				minimumVersion = 5.7.1;
			};
		};
		677FE1AF2CB43D9F006643FD /* XCRemoteSwiftPackageReference "Alamofire" */ = {
			isa = XCRemoteSwiftPackageReference;
			repositoryURL = "https://github.com/Alamofire/Alamofire";
			requirement = {
				kind = upToNextMajorVersion;
				minimumVersion = 5.9.1;
			};
		};
		67BB0C4A2CB7D72600556F04 /* XCRemoteSwiftPackageReference "youtube-ios-player-helper" */ = {
			isa = XCRemoteSwiftPackageReference;
			repositoryURL = "https://github.com/youtube/youtube-ios-player-helper.git";
			requirement = {
				kind = upToNextMajorVersion;
				minimumVersion = 1.0.4;
			};
		};
/* End XCRemoteSwiftPackageReference section */

/* Begin XCSwiftPackageProductDependency section */
		677FE1AD2CB43BD5006643FD /* SnapKit */ = {
			isa = XCSwiftPackageProductDependency;
			package = 677FE1AC2CB43BD5006643FD /* XCRemoteSwiftPackageReference "SnapKit" */;
			productName = SnapKit;
		};
		677FE1B02CB43D9F006643FD /* Alamofire */ = {
			isa = XCSwiftPackageProductDependency;
			package = 677FE1AF2CB43D9F006643FD /* XCRemoteSwiftPackageReference "Alamofire" */;
			productName = Alamofire;
		};
		67BB0C4B2CB7D72600556F04 /* YouTubeiOSPlayerHelper */ = {
			isa = XCSwiftPackageProductDependency;
			package = 67BB0C4A2CB7D72600556F04 /* XCRemoteSwiftPackageReference "youtube-ios-player-helper" */;
			productName = YouTubeiOSPlayerHelper;
		};
/* End XCSwiftPackageProductDependency section */
	};
	rootObject = 677FE0B52CB4385B006643FD /* Project object */;
}
